{
  "name": "@danielblomma/cortex-mcp",
  "version": "2.0.17",
  "lockfileVersion": 3,
  "requires": true,
  "packages": {
    "": {
      "name": "@danielblomma/cortex-mcp",
      "version": "2.0.17",
      "license": "MIT",
      "bin": {
        "cortex": "bin/cortex.mjs"
      },
      "engines": {
        "node": ">=18"
      }
    }
  }
}
